
Microsoft Visual Studio Solution File, Format Version 12.00
# Visual Studio Version 16
VisualStudioVersion = 16.0.31702.278
MinimumVisualStudioVersion = 10.0.40219.1
Project("{FAE04EC0-301F-11D3-BF4B-00C04F79EFBC}") = "Esercitazione1", "Esercitazione1\Esercitazione1.csproj", "{64BED451-85B4-4A7A-90DF-AAA625AF2052}"
EndProject
Project("{FAE04EC0-301F-11D3-BF4B-00C04F79EFBC}") = "Esercitazione2", "Esercitazione2\Esercitazione2.csproj", "{0DF974BC-5054-475E-A057-FE88C34E0357}"
EndProject
Project("{FAE04EC0-301F-11D3-BF4B-00C04F79EFBC}") = "EsercitazioneClassi", "EsercitazioneClassi\EsercitazioneClassi.csproj", "{65451D1B-F44C-4371-BED4-35AE906709AC}"
EndProject
Global
	GlobalSection(SolutionConfigurationPlatforms) = preSolution
		Debug|Any CPU = Debug|Any CPU
		Release|Any CPU = Release|Any CPU
	EndGlobalSection
	GlobalSection(ProjectConfigurationPlatforms) = postSolution
		{64BED451-85B4-4A7A-90DF-AAA625AF2052}.Debug|Any CPU.ActiveCfg = Debug|Any CPU
		{64BED451-85B4-4A7A-90DF-AAA625AF2052}.Debug|Any CPU.Build.0 = Debug|Any CPU
		{64BED451-85B4-4A7A-90DF-AAA625AF2052}.Release|Any CPU.ActiveCfg = Release|Any CPU
		{64BED451-85B4-4A7A-90DF-AAA625AF2052}.Release|Any CPU.Build.0 = Release|Any CPU
		{0DF974BC-5054-475E-A057-FE88C34E0357}.Debug|Any CPU.ActiveCfg = Debug|Any CPU
		{0DF974BC-5054-475E-A057-FE88C34E0357}.Debug|Any CPU.Build.0 = Debug|Any CPU
		{0DF974BC-5054-475E-A057-FE88C34E0357}.Release|Any CPU.ActiveCfg = Release|Any CPU
		{0DF974BC-5054-475E-A057-FE88C34E0357}.Release|Any CPU.Build.0 = Release|Any CPU
		{65451D1B-F44C-4371-BED4-35AE906709AC}.Debug|Any CPU.ActiveCfg = Debug|Any CPU
		{65451D1B-F44C-4371-BED4-35AE906709AC}.Debug|Any CPU.Build.0 = Debug|Any CPU
		{65451D1B-F44C-4371-BED4-35AE906709AC}.Release|Any CPU.ActiveCfg = Release|Any CPU
		{65451D1B-F44C-4371-BED4-35AE906709AC}.Release|Any CPU.Build.0 = Release|Any CPU
	EndGlobalSection
	GlobalSection(SolutionProperties) = preSolution
		HideSolutionNode = FALSE
	EndGlobalSection
	GlobalSection(ExtensibilityGlobals) = postSolution
		SolutionGuid = {167A70FC-4D8A-45BD-B2C7-4EA726CF8CB4}
	EndGlobalSection
EndGlobal
